// !$*UTF8*$!
{
	archiveVersion = 1;
	classes = {
	};
	objectVersion = 56;
	objects = {

/* Begin PBXBuildFile section */
		FF161BC62DD7C8B400C758A3 /* UITestApp.swift in Sources */ = {isa = PBXBuildFile; fileRef = FF161BC52DD7C8B400C758A3 /* UITestApp.swift */; };
		FF161BC82DD7C8B400C758A3 /* ContentView.swift in Sources */ = {isa = PBXBuildFile; fileRef = FF161BC72DD7C8B400C758A3 /* ContentView.swift */; };
		FF161BCA2DD7C8B500C758A3 /* Assets.xcassets in Resources */ = {isa = PBXBuildFile; fileRef = FF161BC92DD7C8B500C758A3 /* Assets.xcassets */; };
		FF161BCD2DD7C8B500C758A3 /* Preview Assets.xcassets in Resources */ = {isa = PBXBuildFile; fileRef = FF161BCC2DD7C8B500C758A3 /* Preview Assets.xcassets */; };
		FF161BD72DD7C8B600C758A3 /* UITestTests.swift in Sources */ = {isa = PBXBuildFile; fileRef = FF161BD62DD7C8B600C758A3 /* UITestTests.swift */; };
		FF161BE12DD7C8B600C758A3 /* UITestUITests.swift in Sources */ = {isa = PBXBuildFile; fileRef = FF161BE02DD7C8B600C758A3 /* UITestUITests.swift */; };
		FF161BE32DD7C8B600C758A3 /* UITestUITestsLaunchTests.swift in Sources */ = {isa = PBXBuildFile; fileRef = FF161BE22DD7C8B600C758A3 /* UITestUITestsLaunchTests.swift */; };
/* End PBXBuildFile section */

/* Begin PBXContainerItemProxy section */
		FF161BD32DD7C8B600C758A3 /* PBXContainerItemProxy */ = {
			isa = PBXContainerItemProxy;
			containerPortal = FF161BBA2DD7C8B400C758A3 /* Project object */;
			proxyType = 1;
			remoteGlobalIDString = FF161BC12DD7C8B400C758A3;
			remoteInfo = UITest;
		};
		FF161BDD2DD7C8B600C758A3 /* PBXContainerItemProxy */ = {
			isa = PBXContainerItemProxy;
			containerPortal = FF161BBA2DD7C8B400C758A3 /* Project object */;
			proxyType = 1;
			remoteGlobalIDString = FF161BC12DD7C8B400C758A3;
			remoteInfo = UITest;
		};
/* End PBXContainerItemProxy section */

/* Begin PBXFileReference section */
		FF161BC22DD7C8B400C758A3 /* UITest.app */ = {isa = PBXFileReference; explicitFileType = wrapper.application; includeInIndex = 0; path = UITest.app; sourceTree = BUILT_PRODUCTS_DIR; };
		FF161BC52DD7C8B400C758A3 /* UITestApp.swift */ = {isa = PBXFileReference; lastKnownFileType = sourcecode.swift; path = UITestApp.swift; sourceTree = "<group>"; };
		FF161BC72DD7C8B400C758A3 /* ContentView.swift */ = {isa = PBXFileReference; lastKnownFileType = sourcecode.swift; path = ContentView.swift; sourceTree = "<group>"; };
		FF161BC92DD7C8B500C758A3 /* Assets.xcassets */ = {isa = PBXFileReference; lastKnownFileType = folder.assetcatalog; path = Assets.xcassets; sourceTree = "<group>"; };
		FF161BCC2DD7C8B500C758A3 /* Preview Assets.xcassets */ = {isa = PBXFileReference; lastKnownFileType = folder.assetcatalog; path = "Preview Assets.xcassets"; sourceTree = "<group>"; };
		FF161BD22DD7C8B600C758A3 /* UITestTests.xctest */ = {isa = PBXFileReference; explicitFileType = wrapper.cfbundle; includeInIndex = 0; path = UITestTests.xctest; sourceTree = BUILT_PRODUCTS_DIR; };
		FF161BD62DD7C8B600C758A3 /* UITestTests.swift */ = {isa = PBXFileReference; lastKnownFileType = sourcecode.swift; path = UITestTests.swift; sourceTree = "<group>"; };
		FF161BDC2DD7C8B600C758A3 /* UITestUITests.xctest */ = {isa = PBXFileReference; explicitFileType = wrapper.cfbundle; includeInIndex = 0; path = UITestUITests.xctest; sourceTree = BUILT_PRODUCTS_DIR; };
		FF161BE02DD7C8B600C758A3 /* UITestUITests.swift */ = {isa = PBXFileReference; lastKnownFileType = sourcecode.swift; path = UITestUITests.swift; sourceTree = "<group>"; };
		FF161BE22DD7C8B600C758A3 /* UITestUITestsLaunchTests.swift */ = {isa = PBXFileReference; lastKnownFileType = sourcecode.swift; path = UITestUITestsLaunchTests.swift; sourceTree = "<group>"; };
/* End PBXFileReference section */

/* Begin PBXFrameworksBuildPhase section */
		FF161BBF2DD7C8B400C758A3 /* Frameworks */ = {
			isa = PBXFrameworksBuildPhase;
			buildActionMask = 2147483647;
			files = (
			);
			runOnlyForDeploymentPostprocessing = 0;
		};
		FF161BCF2DD7C8B600C758A3 /* Frameworks */ = {
			isa = PBXFrameworksBuildPhase;
			buildActionMask = 2147483647;
			files = (
			);
			runOnlyForDeploymentPostprocessing = 0;
		};
		FF161BD92DD7C8B600C758A3 /* Frameworks */ = {
			isa = PBXFrameworksBuildPhase;
			buildActionMask = 2147483647;
			files = (
			);
			runOnlyForDeploymentPostprocessing = 0;
		};
/* End PBXFrameworksBuildPhase section */

/* Begin PBXGroup section */
		FF161BB92DD7C8B400C758A3 = {
			isa = PBXGroup;
			children = (
				FF161BC42DD7C8B400C758A3 /* UITest */,
				FF161BD52DD7C8B600C758A3 /* UITestTests */,
				FF161BDF2DD7C8B600C758A3 /* UITestUITests */,
				FF161BC32DD7C8B400C758A3 /* Products */,
			);
			sourceTree = "<group>";
		};
		FF161BC32DD7C8B400C758A3 /* Products */ = {
			isa = PBXGroup;
			children = (
				FF161BC22DD7C8B400C758A3 /* UITest.app */,
				FF161BD22DD7C8B600C758A3 /* UITestTests.xctest */,
				FF161BDC2DD7C8B600C758A3 /* UITestUITests.xctest */,
			);
			name = Products;
			sourceTree = "<group>";
		};
		FF161BC42DD7C8B400C758A3 /* UITest */ = {
			isa = PBXGroup;
			children = (
				FF161BC52DD7C8B400C758A3 /* UITestApp.swift */,
				FF161BC72DD7C8B400C758A3 /* ContentView.swift */,
				FF161BC92DD7C8B500C758A3 /* Assets.xcassets */,
				FF161BCB2DD7C8B500C758A3 /* Preview Content */,
			);
			path = UITest;
			sourceTree = "<group>";
		};
		FF161BCB2DD7C8B500C758A3 /* Preview Content */ = {
			isa = PBXGroup;
			children = (
				FF161BCC2DD7C8B500C758A3 /* Preview Assets.xcassets */,
			);
			path = "Preview Content";
			sourceTree = "<group>";
		};
		FF161BD52DD7C8B600C758A3 /* UITestTests */ = {
			isa = PBXGroup;
			children = (
				FF161BD62DD7C8B600C758A3 /* UITestTests.swift */,
			);
			path = UITestTests;
			sourceTree = "<group>";
		};
		FF161BDF2DD7C8B600C758A3 /* UITestUITests */ = {
			isa = PBXGroup;
			children = (
				FF161BE02DD7C8B600C758A3 /* UITestUITests.swift */,
				FF161BE22DD7C8B600C758A3 /* UITestUITestsLaunchTests.swift */,
			);
			path = UITestUITests;
			sourceTree = "<group>";
		};
/* End PBXGroup section */

/* Begin PBXNativeTarget section */
		FF161BC12DD7C8B400C758A3 /* UITest */ = {
			isa = PBXNativeTarget;
			buildConfigurationList = FF161BE62DD7C8B600C758A3 /* Build configuration list for PBXNativeTarget "UITest" */;
			buildPhases = (
				FF161BBE2DD7C8B400C758A3 /* Sources */,
				FF161BBF2DD7C8B400C758A3 /* Frameworks */,
				FF161BC02DD7C8B400C758A3 /* Resources */,
			);
			buildRules = (
			);
			dependencies = (
			);
			name = UITest;
			productName = UITest;
			productReference = FF161BC22DD7C8B400C758A3 /* UITest.app */;
			productType = "com.apple.product-type.application";
		};
		FF161BD12DD7C8B600C758A3 /* UITestTests */ = {
			isa = PBXNativeTarget;
			buildConfigurationList = FF161BE92DD7C8B600C758A3 /* Build configuration list for PBXNativeTarget "UITestTests" */;
			buildPhases = (
				FF161BCE2DD7C8B600C758A3 /* Sources */,
				FF161BCF2DD7C8B600C758A3 /* Frameworks */,
				FF161BD02DD7C8B600C758A3 /* Resources */,
			);
			buildRules = (
			);
			dependencies = (
				FF161BD42DD7C8B600C758A3 /* PBXTargetDependency */,
			);
			name = UITestTests;
			productName = UITestTests;
			productReference = FF161BD22DD7C8B600C758A3 /* UITestTests.xctest */;
			productType = "com.apple.product-type.bundle.unit-test";
		};
		FF161BDB2DD7C8B600C758A3 /* UITestUITests */ = {
			isa = PBXNativeTarget;
			buildConfigurationList = FF161BEC2DD7C8B600C758A3 /* Build configuration list for PBXNativeTarget "UITestUITests" */;
			buildPhases = (
				FF161BD82DD7C8B600C758A3 /* Sources */,
				FF161BD92DD7C8B600C758A3 /* Frameworks */,
				FF161BDA2DD7C8B600C758A3 /* Resources */,
			);
			buildRules = (
			);
			dependencies = (
				FF161BDE2DD7C8B600C758A3 /* PBXTargetDependency */,
			);
			name = UITestUITests;
			productName = UITestUITests;
			productReference = FF161BDC2DD7C8B600C758A3 /* UITestUITests.xctest */;
			productType = "com.apple.product-type.bundle.ui-testing";
		};
/* End PBXNativeTarget section */

/* Begin PBXProject section */
		FF161BBA2DD7C8B400C758A3 /* Project object */ = {
			isa = PBXProject;
			attributes = {
				BuildIndependentTargetsInParallel = 1;
				LastSwiftUpdateCheck = 1540;
				LastUpgradeCheck = 1540;
				TargetAttributes = {
					FF161BC12DD7C8B400C758A3 = {
						CreatedOnToolsVersion = 15.4;
					};
					FF161BD12DD7C8B600C758A3 = {
						CreatedOnToolsVersion = 15.4;
						TestTargetID = FF161BC12DD7C8B400C758A3;
					};
					FF161BDB2DD7C8B600C758A3 = {
						CreatedOnToolsVersion = 15.4;
						TestTargetID = FF161BC12DD7C8B400C758A3;
					};
				};
			};
			buildConfigurationList = FF161BBD2DD7C8B400C758A3 /* Build configuration list for PBXProject "UITest" */;
			compatibilityVersion = "Xcode 14.0";
			developmentRegion = en;
			hasScannedForEncodings = 0;
			knownRegions = (
				en,
				Base,
			);
			mainGroup = FF161BB92DD7C8B400C758A3;
			productRefGroup = FF161BC32DD7C8B400C758A3 /* Products */;
			projectDirPath = "";
			projectRoot = "";
			targets = (
				FF161BC12DD7C8B400C758A3 /* UITest */,
				FF161BD12DD7C8B600C758A3 /* UITestTests */,
				FF161BDB2DD7C8B600C758A3 /* UITestUITests */,
			);
		};
/* End PBXProject section */

/* Begin PBXResourcesBuildPhase section */
		FF161BC02DD7C8B400C758A3 /* Resources */ = {
			isa = PBXResourcesBuildPhase;
			buildActionMask = 2147483647;
			files = (
				FF161BCD2DD7C8B500C758A3 /* Preview Assets.xcassets in Resources */,
				FF161BCA2DD7C8B500C758A3 /* Assets.xcassets in Resources */,
			);
			runOnlyForDeploymentPostprocessing = 0;
		};
		FF161BD02DD7C8B600C758A3 /* Resources */ = {
			isa = PBXResourcesBuildPhase;
			buildActionMask = 2147483647;
			files = (
			);
			runOnlyForDeploymentPostprocessing = 0;
		};
		FF161BDA2DD7C8B600C758A3 /* Resources */ = {
			isa = PBXResourcesBuildPhase;
			buildActionMask = 2147483647;
			files = (
			);
			runOnlyForDeploymentPostprocessing = 0;
		};
/* End PBXResourcesBuildPhase section */

/* Begin PBXSourcesBuildPhase section */
		FF161BBE2DD7C8B400C758A3 /* Sources */ = {
			isa = PBXSourcesBuildPhase;
			buildActionMask = 2147483647;
			files = (
				FF161BC82DD7C8B400C758A3 /* ContentView.swift in Sources */,
				FF161BC62DD7C8B400C758A3 /* UITestApp.swift in Sources */,
			);
			runOnlyForDeploymentPostprocessing = 0;
		};
		FF161BCE2DD7C8B600C758A3 /* Sources */ = {
			isa = PBXSourcesBuildPhase;
			buildActionMask = 2147483647;
			files = (
				FF161BD72DD7C8B600C758A3 /* UITestTests.swift in Sources */,
			);
			runOnlyForDeploymentPostprocessing = 0;
		};
		FF161BD82DD7C8B600C758A3 /* Sources */ = {
			isa = PBXSourcesBuildPhase;
			buildActionMask = 2147483647;
			files = (
				FF161BE32DD7C8B600C758A3 /* UITestUITestsLaunchTests.swift in Sources */,
				FF161BE12DD7C8B600C758A3 /* UITestUITests.swift in Sources */,
			);
			runOnlyForDeploymentPostprocessing = 0;
		};
/* End PBXSourcesBuildPhase section */

/* Begin PBXTargetDependency section */
		FF161BD42DD7C8B600C758A3 /* PBXTargetDependency */ = {
			isa = PBXTargetDependency;
			target = FF161BC12DD7C8B400C758A3 /* UITest */;
			targetProxy = FF161BD32DD7C8B600C758A3 /* PBXContainerItemProxy */;
		};
		FF161BDE2DD7C8B600C758A3 /* PBXTargetDependency */ = {
			isa = PBXTargetDependency;
			target = FF161BC12DD7C8B400C758A3 /* UITest */;
			targetProxy = FF161BDD2DD7C8B600C758A3 /* PBXContainerItemProxy */;
		};
/* End PBXTargetDependency section */

/* Begin XCBuildConfiguration section */
		FF161BE42DD7C8B600C758A3 /* Debug */ = {
			isa = XCBuildConfiguration;
			buildSettings = {
				ALWAYS_SEARCH_USER_PATHS = NO;
				ASSETCATALOG_COMPILER_GENERATE_SWIFT_ASSET_SYMBOL_EXTENSIONS = YES;
				CLANG_ANALYZER_NONNULL = YES;
				CLANG_ANALYZER_NUMBER_OBJECT_CONVERSION = YES_AGGRESSIVE;
				CLANG_CXX_LANGUAGE_STANDARD = "gnu++20";
				CLANG_ENABLE_MODULES = YES;
				CLANG_ENABLE_OBJC_ARC = YES;
				CLANG_ENABLE_OBJC_WEAK = YES;
				CLANG_WARN_BLOCK_CAPTURE_AUTORELEASING = YES;
				CLANG_WARN_BOOL_CONVERSION = YES;
				CLANG_WARN_COMMA = YES;
				CLANG_WARN_CONSTANT_CONVERSION = YES;
				CLANG_WARN_DEPRECATED_OBJC_IMPLEMENTATIONS = YES;
				CLANG_WARN_DIRECT_OBJC_ISA_USAGE = YES_ERROR;
				CLANG_WARN_DOCUMENTATION_COMMENTS = YES;
				CLANG_WARN_EMPTY_BODY = YES;
				CLANG_WARN_ENUM_CONVERSION = YES;
				CLANG_WARN_INFINITE_RECURSION = YES;
				CLANG_WARN_INT_CONVERSION = YES;
				CLANG_WARN_NON_LITERAL_NULL_CONVERSION = YES;
				CLANG_WARN_OBJC_IMPLICIT_RETAIN_SELF = YES;
				CLANG_WARN_OBJC_LITERAL_CONVERSION = YES;
				CLANG_WARN_OBJC_ROOT_CLASS = YES_ERROR;
				CLANG_WARN_QUOTED_INCLUDE_IN_FRAMEWORK_HEADER = YES;
				CLANG_WARN_RANGE_LOOP_ANALYSIS = YES;
				CLANG_WARN_STRICT_PROTOTYPES = YES;
				CLANG_WARN_SUSPICIOUS_MOVE = YES;
				CLANG_WARN_UNGUARDED_AVAILABILITY = YES_AGGRESSIVE;
				CLANG_WARN_UNREACHABLE_CODE = YES;
				CLANG_WARN__DUPLICATE_METHOD_MATCH = YES;
				COPY_PHASE_STRIP = NO;
				DEBUG_INFORMATION_FORMAT = dwarf;
				ENABLE_STRICT_OBJC_MSGSEND = YES;
				ENABLE_TESTABILITY = YES;
				ENABLE_USER_SCRIPT_SANDBOXING = YES;
				GCC_C_LANGUAGE_STANDARD = gnu17;
				GCC_DYNAMIC_NO_PIC = NO;
				GCC_NO_COMMON_BLOCKS = YES;
				GCC_OPTIMIZATION_LEVEL = 0;
				GCC_PREPROCESSOR_DEFINITIONS = (
					"DEBUG=1",
					"$(inherited)",
				);
				GCC_WARN_64_TO_32_BIT_CONVERSION = YES;
				GCC_WARN_ABOUT_RETURN_TYPE = YES_ERROR;
				GCC_WARN_UNDECLARED_SELECTOR = YES;
				GCC_WARN_UNINITIALIZED_AUTOS = YES_AGGRESSIVE;
				GCC_WARN_UNUSED_FUNCTION = YES;
				GCC_WARN_UNUSED_VARIABLE = YES;
				IPHONEOS_DEPLOYMENT_TARGET = 17.5;
				LOCALIZATION_PREFERS_STRING_CATALOGS = YES;
				MTL_ENABLE_DEBUG_INFO = INCLUDE_SOURCE;
				MTL_FAST_MATH = YES;
				ONLY_ACTIVE_ARCH = YES;
				SDKROOT = iphoneos;
				SWIFT_ACTIVE_COMPILATION_CONDITIONS = "DEBUG $(inherited)";
				SWIFT_OPTIMIZATION_LEVEL = "-Onone";
			};
			name = Debug;
		};
		FF161BE52DD7C8B600C758A3 /* Release */ = {
			isa = XCBuildConfiguration;
			buildSettings = {
				ALWAYS_SEARCH_USER_PATHS = NO;
				ASSETCATALOG_COMPILER_GENERATE_SWIFT_ASSET_SYMBOL_EXTENSIONS = YES;
				CLANG_ANALYZER_NONNULL = YES;
				CLANG_ANALYZER_NUMBER_OBJECT_CONVERSION = YES_AGGRESSIVE;
				CLANG_CXX_LANGUAGE_STANDARD = "gnu++20";
				CLANG_ENABLE_MODULES = YES;
				CLANG_ENABLE_OBJC_ARC = YES;
				CLANG_ENABLE_OBJC_WEAK = YES;
				CLANG_WARN_BLOCK_CAPTURE_AUTORELEASING = YES;
				CLANG_WARN_BOOL_CONVERSION = YES;
				CLANG_WARN_COMMA = YES;
				CLANG_WARN_CONSTANT_CONVERSION = YES;
				CLANG_WARN_DEPRECATED_OBJC_IMPLEMENTATIONS = YES;
				CLANG_WARN_DIRECT_OBJC_ISA_USAGE = YES_ERROR;
				CLANG_WARN_DOCUMENTATION_COMMENTS = YES;
				CLANG_WARN_EMPTY_BODY = YES;
				CLANG_WARN_ENUM_CONVERSION = YES;
				CLANG_WARN_INFINITE_RECURSION = YES;
				CLANG_WARN_INT_CONVERSION = YES;
				CLANG_WARN_NON_LITERAL_NULL_CONVERSION = YES;
				CLANG_WARN_OBJC_IMPLICIT_RETAIN_SELF = YES;
				CLANG_WARN_OBJC_LITERAL_CONVERSION = YES;
				CLANG_WARN_OBJC_ROOT_CLASS = YES_ERROR;
				CLANG_WARN_QUOTED_INCLUDE_IN_FRAMEWORK_HEADER = YES;
				CLANG_WARN_RANGE_LOOP_ANALYSIS = YES;
				CLANG_WARN_STRICT_PROTOTYPES = YES;
				CLANG_WARN_SUSPICIOUS_MOVE = YES;
				CLANG_WARN_UNGUARDED_AVAILABILITY = YES_AGGRESSIVE;
				CLANG_WARN_UNREACHABLE_CODE = YES;
				CLANG_WARN__DUPLICATE_METHOD_MATCH = YES;
				COPY_PHASE_STRIP = NO;
				DEBUG_INFORMATION_FORMAT = "dwarf-with-dsym";
				ENABLE_NS_ASSERTIONS = NO;
				ENABLE_STRICT_OBJC_MSGSEND = YES;
				ENABLE_USER_SCRIPT_SANDBOXING = YES;
				GCC_C_LANGUAGE_STANDARD = gnu17;
				GCC_NO_COMMON_BLOCKS = YES;
				GCC_WARN_64_TO_32_BIT_CONVERSION = YES;
				GCC_WARN_ABOUT_RETURN_TYPE = YES_ERROR;
				GCC_WARN_UNDECLARED_SELECTOR = YES;
				GCC_WARN_UNINITIALIZED_AUTOS = YES_AGGRESSIVE;
				GCC_WARN_UNUSED_FUNCTION = YES;
				GCC_WARN_UNUSED_VARIABLE = YES;
				IPHONEOS_DEPLOYMENT_TARGET = 17.5;
				LOCALIZATION_PREFERS_STRING_CATALOGS = YES;
				MTL_ENABLE_DEBUG_INFO = NO;
				MTL_FAST_MATH = YES;
				SDKROOT = iphoneos;
				SWIFT_COMPILATION_MODE = wholemodule;
				VALIDATE_PRODUCT = YES;
			};
			name = Release;
		};
		FF161BE72DD7C8B600C758A3 /* Debug */ = {
			isa = XCBuildConfiguration;
			buildSettings = {
				ASSETCATALOG_COMPILER_APPICON_NAME = AppIcon;
				ASSETCATALOG_COMPILER_GLOBAL_ACCENT_COLOR_NAME = AccentColor;
				CODE_SIGN_STYLE = Automatic;
				CURRENT_PROJECT_VERSION = 1;
				DEVELOPMENT_ASSET_PATHS = "\"UITest/Preview Content\"";
				ENABLE_PREVIEWS = YES;
				GENERATE_INFOPLIST_FILE = YES;
				INFOPLIST_KEY_UIApplicationSceneManifest_Generation = YES;
				INFOPLIST_KEY_UIApplicationSupportsIndirectInputEvents = YES;
				INFOPLIST_KEY_UILaunchScreen_Generation = YES;
				INFOPLIST_KEY_UISupportedInterfaceOrientations_iPad = "UIInterfaceOrientationPortrait UIInterfaceOrientationPortraitUpsideDown UIInterfaceOrientationLandscapeLeft UIInterfaceOrientationLandscapeRight";
				INFOPLIST_KEY_UISupportedInterfaceOrientations_iPhone = "UIInterfaceOrientationPortrait UIInterfaceOrientationLandscapeLeft UIInterfaceOrientationLandscapeRight";
				LD_RUNPATH_SEARCH_PATHS = (
					"$(inherited)",
					"@executable_path/Frameworks",
				);
				MARKETING_VERSION = 1.0;
				PRODUCT_BUNDLE_IDENTIFIER = g.UITest;
				PRODUCT_NAME = "$(TARGET_NAME)";
				SWIFT_EMIT_LOC_STRINGS = YES;
				SWIFT_VERSION = 5.0;
				TARGETED_DEVICE_FAMILY = "1,2";
			};
			name = Debug;
		};
		FF161BE82DD7C8B600C758A3 /* Release */ = {
			isa = XCBuildConfiguration;
			buildSettings = {
				ASSETCATALOG_COMPILER_APPICON_NAME = AppIcon;
				ASSETCATALOG_COMPILER_GLOBAL_ACCENT_COLOR_NAME = AccentColor;
				CODE_SIGN_STYLE = Automatic;
				CURRENT_PROJECT_VERSION = 1;
				DEVELOPMENT_ASSET_PATHS = "\"UITest/Preview Content\"";
				ENABLE_PREVIEWS = YES;
				GENERATE_INFOPLIST_FILE = YES;
				INFOPLIST_KEY_UIApplicationSceneManifest_Generation = YES;
				INFOPLIST_KEY_UIApplicationSupportsIndirectInputEvents = YES;
				INFOPLIST_KEY_UILaunchScreen_Generation = YES;
				INFOPLIST_KEY_UISupportedInterfaceOrientations_iPad = "UIInterfaceOrientationPortrait UIInterfaceOrientationPortraitUpsideDown UIInterfaceOrientationLandscapeLeft UIInterfaceOrientationLandscapeRight";
				INFOPLIST_KEY_UISupportedInterfaceOrientations_iPhone = "UIInterfaceOrientationPortrait UIInterfaceOrientationLandscapeLeft UIInterfaceOrientationLandscapeRight";
				LD_RUNPATH_SEARCH_PATHS = (
					"$(inherited)",
					"@executable_path/Frameworks",
				);
				MARKETING_VERSION = 1.0;
				PRODUCT_BUNDLE_IDENTIFIER = g.UITest;
				PRODUCT_NAME = "$(TARGET_NAME)";
				SWIFT_EMIT_LOC_STRINGS = YES;
				SWIFT_VERSION = 5.0;
				TARGETED_DEVICE_FAMILY = "1,2";
			};
			name = Release;
		};
		FF161BEA2DD7C8B600C758A3 /* Debug */ = {
			isa = XCBuildConfiguration;
			buildSettings = {
				ALWAYS_EMBED_SWIFT_STANDARD_LIBRARIES = YES;
				BUNDLE_LOADER = "$(TEST_HOST)";
				CODE_SIGN_STYLE = Automatic;
				CURRENT_PROJECT_VERSION = 1;
				GENERATE_INFOPLIST_FILE = YES;
				IPHONEOS_DEPLOYMENT_TARGET = 17.5;
				MARKETING_VERSION = 1.0;
				PRODUCT_BUNDLE_IDENTIFIER = g.UITestTests;
				PRODUCT_NAME = "$(TARGET_NAME)";
				SWIFT_EMIT_LOC_STRINGS = NO;
				SWIFT_VERSION = 5.0;
				TARGETED_DEVICE_FAMILY = "1,2";
				TEST_HOST = "$(BUILT_PRODUCTS_DIR)/UITest.app/$(BUNDLE_EXECUTABLE_FOLDER_PATH)/UITest";
			};
			name = Debug;
		};
		FF161BEB2DD7C8B600C758A3 /* Release */ = {
			isa = XCBuildConfiguration;
			buildSettings = {
				ALWAYS_EMBED_SWIFT_STANDARD_LIBRARIES = YES;
				BUNDLE_LOADER = "$(TEST_HOST)";
				CODE_SIGN_STYLE = Automatic;
				CURRENT_PROJECT_VERSION = 1;
				GENERATE_INFOPLIST_FILE = YES;
				IPHONEOS_DEPLOYMENT_TARGET = 17.5;
				MARKETING_VERSION = 1.0;
				PRODUCT_BUNDLE_IDENTIFIER = g.UITestTests;
				PRODUCT_NAME = "$(TARGET_NAME)";
				SWIFT_EMIT_LOC_STRINGS = NO;
				SWIFT_VERSION = 5.0;
				TARGETED_DEVICE_FAMILY = "1,2";
				TEST_HOST = "$(BUILT_PRODUCTS_DIR)/UITest.app/$(BUNDLE_EXECUTABLE_FOLDER_PATH)/UITest";
			};
			name = Release;
		};
		FF161BED2DD7C8B600C758A3 /* Debug */ = {
			isa = XCBuildConfiguration;
			buildSettings = {
				ALWAYS_EMBED_SWIFT_STANDARD_LIBRARIES = YES;
				CODE_SIGN_STYLE = Automatic;
				CURRENT_PROJECT_VERSION = 1;
				GENERATE_INFOPLIST_FILE = YES;
				MARKETING_VERSION = 1.0;
				PRODUCT_BUNDLE_IDENTIFIER = g.UITestUITests;
				PRODUCT_NAME = "$(TARGET_NAME)";
				SWIFT_EMIT_LOC_STRINGS = NO;
				SWIFT_VERSION = 5.0;
				TARGETED_DEVICE_FAMILY = "1,2";
				TEST_TARGET_NAME = UITest;
			};
			name = Debug;
		};
		FF161BEE2DD7C8B600C758A3 /* Release */ = {
			isa = XCBuildConfiguration;
			buildSettings = {
				ALWAYS_EMBED_SWIFT_STANDARD_LIBRARIES = YES;
				CODE_SIGN_STYLE = Automatic;
				CURRENT_PROJECT_VERSION = 1;
				GENERATE_INFOPLIST_FILE = YES;
				MARKETING_VERSION = 1.0;
				PRODUCT_BUNDLE_IDENTIFIER = g.UITestUITests;
				PRODUCT_NAME = "$(TARGET_NAME)";
				SWIFT_EMIT_LOC_STRINGS = NO;
				SWIFT_VERSION = 5.0;
				TARGETED_DEVICE_FAMILY = "1,2";
				TEST_TARGET_NAME = UITest;
			};
			name = Release;
		};
/* End XCBuildConfiguration section */

/* Begin XCConfigurationList section */
		FF161BBD2DD7C8B400C758A3 /* Build configuration list for PBXProject "UITest" */ = {
			isa = XCConfigurationList;
			buildConfigurations = (
				FF161BE42DD7C8B600C758A3 /* Debug */,
				FF161BE52DD7C8B600C758A3 /* Release */,
			);
			defaultConfigurationIsVisible = 0;
			defaultConfigurationName = Release;
		};
		FF161BE62DD7C8B600C758A3 /* Build configuration list for PBXNativeTarget "UITest" */ = {
			isa = XCConfigurationList;
			buildConfigurations = (
				FF161BE72DD7C8B600C758A3 /* Debug */,
				FF161BE82DD7C8B600C758A3 /* Release */,
			);
			defaultConfigurationIsVisible = 0;
			defaultConfigurationName = Release;
		};
		FF161BE92DD7C8B600C758A3 /* Build configuration list for PBXNativeTarget "UITestTests" */ = {
			isa = XCConfigurationList;
			buildConfigurations = (
				FF161BEA2DD7C8B600C758A3 /* Debug */,
				FF161BEB2DD7C8B600C758A3 /* Release */,
			);
			defaultConfigurationIsVisible = 0;
			defaultConfigurationName = Release;
		};
		FF161BEC2DD7C8B600C758A3 /* Build configuration list for PBXNativeTarget "UITestUITests" */ = {
			isa = XCConfigurationList;
			buildConfigurations = (
				FF161BED2DD7C8B600C758A3 /* Debug */,
				FF161BEE2DD7C8B600C758A3 /* Release */,
			);
			defaultConfigurationIsVisible = 0;
			defaultConfigurationName = Release;
		};
/* End XCConfigurationList section */
	};
	rootObject = FF161BBA2DD7C8B400C758A3 /* Project object */;
}
